
Microsoft Visual Studio Solution File, Format Version 12.00
# Visual Studio 15
VisualStudioVersion = 15.0.28307.572
MinimumVisualStudioVersion = 10.0.40219.1
Project("{F184B08F-C81C-45F6-A57F-5ABD9991F28F}") = "Presentación", "Presentación\Presentación.vbproj", "{76BAA880-BB34-4991-AFBE-3BDB6E5DB65E}"
EndProject
Project("{F184B08F-C81C-45F6-A57F-5ABD9991F28F}") = "Negocios", "ClassLibrary1\Negocios.vbproj", "{BE09C451-619E-463C-83A4-A5E1B640BC4D}"
EndProject
Project("{F184B08F-C81C-45F6-A57F-5ABD9991F28F}") = "Entidades", "Entidades\Entidades.vbproj", "{553B6DD5-E479-4ABF-932F-9F484EC6EC8E}"
EndProject
Global
	GlobalSection(SolutionConfigurationPlatforms) = preSolution
		Debug|Any CPU = Debug|Any CPU
		Release|Any CPU = Release|Any CPU
	EndGlobalSection
	GlobalSection(ProjectConfigurationPlatforms) = postSolution
		{76BAA880-BB34-4991-AFBE-3BDB6E5DB65E}.Debug|Any CPU.ActiveCfg = Debug|Any CPU
		{76BAA880-BB34-4991-AFBE-3BDB6E5DB65E}.Debug|Any CPU.Build.0 = Debug|Any CPU
		{76BAA880-BB34-4991-AFBE-3BDB6E5DB65E}.Release|Any CPU.ActiveCfg = Release|Any CPU
		{76BAA880-BB34-4991-AFBE-3BDB6E5DB65E}.Release|Any CPU.Build.0 = Release|Any CPU
		{BE09C451-619E-463C-83A4-A5E1B640BC4D}.Debug|Any CPU.ActiveCfg = Debug|Any CPU
		{BE09C451-619E-463C-83A4-A5E1B640BC4D}.Debug|Any CPU.Build.0 = Debug|Any CPU
		{BE09C451-619E-463C-83A4-A5E1B640BC4D}.Release|Any CPU.ActiveCfg = Release|Any CPU
		{BE09C451-619E-463C-83A4-A5E1B640BC4D}.Release|Any CPU.Build.0 = Release|Any CPU
		{553B6DD5-E479-4ABF-932F-9F484EC6EC8E}.Debug|Any CPU.ActiveCfg = Debug|Any CPU
		{553B6DD5-E479-4ABF-932F-9F484EC6EC8E}.Debug|Any CPU.Build.0 = Debug|Any CPU
		{553B6DD5-E479-4ABF-932F-9F484EC6EC8E}.Release|Any CPU.ActiveCfg = Release|Any CPU
		{553B6DD5-E479-4ABF-932F-9F484EC6EC8E}.Release|Any CPU.Build.0 = Release|Any CPU
	EndGlobalSection
	GlobalSection(SolutionProperties) = preSolution
		HideSolutionNode = FALSE
	EndGlobalSection
	GlobalSection(ExtensibilityGlobals) = postSolution
		SolutionGuid = {C4023B6F-5AC4-4414-9E24-5AC267F362BA}
	EndGlobalSection
EndGlobal
